// !$*UTF8*$!
{
	archiveVersion = 1;
	classes = {};
	objectVersion = 56;
	objects = {

/* Begin PBXBuildFile section */
		A10000000000000000000001 /* AppDelegate.swift in Sources */ = {isa = PBXBuildFile; fileRef = A20000000000000000000001 /* AppDelegate.swift */; };
		A10000000000000000000002 /* AppState.swift in Sources */ = {isa = PBXBuildFile; fileRef = A20000000000000000000002 /* AppState.swift */; };
		A10000000000000000000003 /* CatSprite.swift in Sources */ = {isa = PBXBuildFile; fileRef = A20000000000000000000003 /* CatSprite.swift */; };
		A10000000000000000000004 /* FarmField.swift in Sources */ = {isa = PBXBuildFile; fileRef = A20000000000000000000004 /* FarmField.swift */; };
		A10000000000000000000005 /* KeyCounter.swift in Sources */ = {isa = PBXBuildFile; fileRef = A20000000000000000000005 /* KeyCounter.swift */; };
		A10000000000000000000006 /* main.swift in Sources */ = {isa = PBXBuildFile; fileRef = A20000000000000000000006 /* main.swift */; };
		A10000000000000000000007 /* OverlayView.swift in Sources */ = {isa = PBXBuildFile; fileRef = A20000000000000000000007 /* OverlayView.swift */; };
		A10000000000000000000008 /* ResourceBundle.swift in Sources */ = {isa = PBXBuildFile; fileRef = A20000000000000000000008 /* ResourceBundle.swift */; };
		A10000000000000000000009 /* Theme.swift in Sources */ = {isa = PBXBuildFile; fileRef = A20000000000000000000009 /* Theme.swift */; };
		A10000000000000000000010 /* cats in Resources */ = {isa = PBXBuildFile; fileRef = A20000000000000000000010 /* cats */; };
		A10000000000000000000011 /* fabrics in Resources */ = {isa = PBXBuildFile; fileRef = A20000000000000000000011 /* fabrics */; };
		A10000000000000000000012 /* fonts in Resources */ = {isa = PBXBuildFile; fileRef = A20000000000000000000012 /* fonts */; };
		A10000000000000000000013 /* grounds in Resources */ = {isa = PBXBuildFile; fileRef = A20000000000000000000013 /* grounds */; };
		A10000000000000000000014 /* gui in Resources */ = {isa = PBXBuildFile; fileRef = A20000000000000000000014 /* gui */; };
/* End PBXBuildFile section */

/* Begin PBXFileReference section */
		A20000000000000000000001 /* AppDelegate.swift */ = {isa = PBXFileReference; lastKnownFileType = sourcecode.swift; path = AppDelegate.swift; sourceTree = "<group>"; };
		A20000000000000000000002 /* AppState.swift */ = {isa = PBXFileReference; lastKnownFileType = sourcecode.swift; path = AppState.swift; sourceTree = "<group>"; };
		A20000000000000000000003 /* CatSprite.swift */ = {isa = PBXFileReference; lastKnownFileType = sourcecode.swift; path = CatSprite.swift; sourceTree = "<group>"; };
		A20000000000000000000004 /* FarmField.swift */ = {isa = PBXFileReference; lastKnownFileType = sourcecode.swift; path = FarmField.swift; sourceTree = "<group>"; };
		A20000000000000000000005 /* KeyCounter.swift */ = {isa = PBXFileReference; lastKnownFileType = sourcecode.swift; path = KeyCounter.swift; sourceTree = "<group>"; };
		A20000000000000000000006 /* main.swift */ = {isa = PBXFileReference; lastKnownFileType = sourcecode.swift; path = main.swift; sourceTree = "<group>"; };
		A20000000000000000000007 /* OverlayView.swift */ = {isa = PBXFileReference; lastKnownFileType = sourcecode.swift; path = OverlayView.swift; sourceTree = "<group>"; };
		A20000000000000000000008 /* ResourceBundle.swift */ = {isa = PBXFileReference; lastKnownFileType = sourcecode.swift; path = ResourceBundle.swift; sourceTree = "<group>"; };
		A20000000000000000000009 /* Theme.swift */ = {isa = PBXFileReference; lastKnownFileType = sourcecode.swift; path = Theme.swift; sourceTree = "<group>"; };
		A20000000000000000000010 /* cats */ = {isa = PBXFileReference; lastKnownFileType = folder; path = cats; sourceTree = "<group>"; };
		A20000000000000000000011 /* fabrics */ = {isa = PBXFileReference; lastKnownFileType = folder; path = fabrics; sourceTree = "<group>"; };
		A20000000000000000000012 /* fonts */ = {isa = PBXFileReference; lastKnownFileType = folder; path = fonts; sourceTree = "<group>"; };
		A20000000000000000000013 /* grounds */ = {isa = PBXFileReference; lastKnownFileType = folder; path = grounds; sourceTree = "<group>"; };
		A20000000000000000000014 /* gui */ = {isa = PBXFileReference; lastKnownFileType = folder; path = gui; sourceTree = "<group>"; };
		A20000000000000000000020 /* KeyCat.app */ = {isa = PBXFileReference; explicitFileType = wrapper.application; includeInIndex = 0; path = KeyCat.app; sourceTree = BUILT_PRODUCTS_DIR; };
		A20000000000000000000021 /* KeyCat.entitlements */ = {isa = PBXFileReference; lastKnownFileType = text.plist.entitlements; path = KeyCat.entitlements; sourceTree = "<group>"; };
		A20000000000000000000022 /* Debug.xcconfig */ = {isa = PBXFileReference; lastKnownFileType = text.xcconfig; path = Debug.xcconfig; sourceTree = "<group>"; };
		A20000000000000000000023 /* Release.xcconfig */ = {isa = PBXFileReference; lastKnownFileType = text.xcconfig; path = Release.xcconfig; sourceTree = "<group>"; };
/* End PBXFileReference section */

/* Begin PBXFrameworksBuildPhase section */
		A30000000000000000000001 /* Frameworks */ = {isa = PBXFrameworksBuildPhase; buildActionMask = 2147483647; files = (); runOnlyForDeploymentPostprocessing = 0; };
/* End PBXFrameworksBuildPhase section */

/* Begin PBXGroup section */
		A40000000000000000000001 = {
			isa = PBXGroup;
			children = (
				A40000000000000000000002 /* KeyCat */,
				A40000000000000000000004 /* Config */,
				A40000000000000000000005 /* Products */,
			);
			sourceTree = "<group>";
		};
		A40000000000000000000002 /* KeyCat */ = {
			isa = PBXGroup;
			children = (
				A20000000000000000000001 /* AppDelegate.swift */,
				A20000000000000000000002 /* AppState.swift */,
				A20000000000000000000003 /* CatSprite.swift */,
				A20000000000000000000004 /* FarmField.swift */,
				A20000000000000000000005 /* KeyCounter.swift */,
				A20000000000000000000006 /* main.swift */,
				A20000000000000000000007 /* OverlayView.swift */,
				A20000000000000000000008 /* ResourceBundle.swift */,
				A20000000000000000000009 /* Theme.swift */,
				A40000000000000000000003 /* Resources */,
			);
			path = Sources/KeyCat;
			sourceTree = SOURCE_ROOT;
		};
		A40000000000000000000003 /* Resources */ = {
			isa = PBXGroup;
			children = (
				A20000000000000000000010 /* cats */,
				A20000000000000000000011 /* fabrics */,
				A20000000000000000000012 /* fonts */,
				A20000000000000000000013 /* grounds */,
				A20000000000000000000014 /* gui */,
			);
			path = Resources;
			sourceTree = "<group>";
		};
		A40000000000000000000004 /* Config */ = {
			isa = PBXGroup;
			children = (A20000000000000000000021, A20000000000000000000022, A20000000000000000000023);
			path = Config;
			sourceTree = SOURCE_ROOT;
		};
		A40000000000000000000005 /* Products */ = {isa = PBXGroup; children = (A20000000000000000000020 /* KeyCat.app */,); name = Products; sourceTree = "<group>"; };
/* End PBXGroup section */

/* Begin PBXNativeTarget section */
		A50000000000000000000001 /* KeyCat */ = {
			isa = PBXNativeTarget;
			buildConfigurationList = A90000000000000000000002 /* Build configuration list for PBXNativeTarget "KeyCat" */;
			buildPhases = (A30000000000000000000002 /* Sources */, A30000000000000000000001 /* Frameworks */, A30000000000000000000003 /* Resources */);
			buildRules = ();
			dependencies = ();
			name = KeyCat;
			productName = KeyCat;
			productReference = A20000000000000000000020 /* KeyCat.app */;
			productType = "com.apple.product-type.application";
		};
/* End PBXNativeTarget section */

/* Begin PBXProject section */
		A60000000000000000000001 /* Project object */ = {
			isa = PBXProject;
			attributes = {BuildIndependentTargetsInParallel = 1; LastSwiftUpdateCheck = 2630; LastUpgradeCheck = 2630; TargetAttributes = {A50000000000000000000001 = {CreatedOnToolsVersion = 26.3; }; };};
			buildConfigurationList = A90000000000000000000001 /* Build configuration list for PBXProject "KeyCat" */;
			compatibilityVersion = "Xcode 14.0";
			developmentRegion = en;
			hasScannedForEncodings = 0;
			knownRegions = (en, Base);
			mainGroup = A40000000000000000000001;
			productRefGroup = A40000000000000000000005;
			projectDirPath = "";
			projectRoot = "";
			targets = (A50000000000000000000001 /* KeyCat */);
		};
/* End PBXProject section */

/* Begin PBXResourcesBuildPhase section */
		A30000000000000000000003 /* Resources */ = {isa = PBXResourcesBuildPhase; buildActionMask = 2147483647; files = (A10000000000000000000010, A10000000000000000000011, A10000000000000000000012, A10000000000000000000013, A10000000000000000000014); runOnlyForDeploymentPostprocessing = 0; };
/* End PBXResourcesBuildPhase section */

/* Begin PBXSourcesBuildPhase section */
		A30000000000000000000002 /* Sources */ = {isa = PBXSourcesBuildPhase; buildActionMask = 2147483647; files = (A10000000000000000000001, A10000000000000000000002, A10000000000000000000003, A10000000000000000000004, A10000000000000000000005, A10000000000000000000006, A10000000000000000000007, A10000000000000000000008, A10000000000000000000009); runOnlyForDeploymentPostprocessing = 0; };
/* End PBXSourcesBuildPhase section */

/* Begin XCBuildConfiguration section */
		A80000000000000000000001 /* Debug */ = {isa = XCBuildConfiguration; buildSettings = {CLANG_ENABLE_MODULES = YES; SWIFT_OPTIMIZATION_LEVEL = "-Onone";}; name = Debug; };
		A80000000000000000000002 /* Release */ = {isa = XCBuildConfiguration; buildSettings = {CLANG_ENABLE_MODULES = YES; SWIFT_COMPILATION_MODE = wholemodule;}; name = Release; };
		A80000000000000000000003 /* Debug */ = {
			isa = XCBuildConfiguration;
			baseConfigurationReference = A20000000000000000000022 /* Debug.xcconfig */;
			buildSettings = {CODE_SIGN_ENTITLEMENTS = Config/KeyCat.entitlements; COMBINE_HIDPI_IMAGES = YES; GENERATE_INFOPLIST_FILE = YES; INFOPLIST_KEY_LSApplicationCategoryType = "public.app-category.productivity"; INFOPLIST_KEY_LSUIElement = YES; INFOPLIST_KEY_NSHumanReadableCopyright = "Copyright © 2026 KeyCat"; LD_RUNPATH_SEARCH_PATHS = "$(inherited) @executable_path/../Frameworks";};
			name = Debug;
		};
		A80000000000000000000004 /* Release */ = {
			isa = XCBuildConfiguration;
			baseConfigurationReference = A20000000000000000000023 /* Release.xcconfig */;
			buildSettings = {CODE_SIGN_ENTITLEMENTS = Config/KeyCat.entitlements; COMBINE_HIDPI_IMAGES = YES; GENERATE_INFOPLIST_FILE = YES; INFOPLIST_KEY_LSApplicationCategoryType = "public.app-category.productivity"; INFOPLIST_KEY_LSUIElement = YES; INFOPLIST_KEY_NSHumanReadableCopyright = "Copyright © 2026 KeyCat"; LD_RUNPATH_SEARCH_PATHS = "$(inherited) @executable_path/../Frameworks";};
			name = Release;
		};
/* End XCBuildConfiguration section */

/* Begin XCConfigurationList section */
		A90000000000000000000001 /* Build configuration list for PBXProject "KeyCat" */ = {isa = XCConfigurationList; buildConfigurations = (A80000000000000000000001, A80000000000000000000002); defaultConfigurationIsVisible = 0; defaultConfigurationName = Release; };
		A90000000000000000000002 /* Build configuration list for PBXNativeTarget "KeyCat" */ = {isa = XCConfigurationList; buildConfigurations = (A80000000000000000000003, A80000000000000000000004); defaultConfigurationIsVisible = 0; defaultConfigurationName = Release; };
/* End XCConfigurationList section */
	};
	rootObject = A60000000000000000000001 /* Project object */;
}
